
Microsoft Visual Studio Solution File, Format Version 12.00
# Visual Studio Version 17
VisualStudioVersion = 17.9.34607.119
MinimumVisualStudioVersion = 10.0.40219.1
Project("{9A19103F-16F7-4668-BE54-9A1E7A4F7556}") = "MyTestGDSCompany.Module", "MyTestGDSCompany.Module\MyTestGDSCompany.Module.csproj", "{25EB7281-4C38-4DA6-A6B7-0728EED0BB4C}"
EndProject
Project("{9A19103F-16F7-4668-BE54-9A1E7A4F7556}") = "MyTestGDSCompany.Win", "MyTestGDSCompany.Win\MyTestGDSCompany.Win.csproj", "{7C1243CB-492C-4A11-A52A-56438463000B}"
EndProject
Global
	GlobalSection(SolutionConfigurationPlatforms) = preSolution
		Debug|Any CPU = Debug|Any CPU
		EasyTest|Any CPU = EasyTest|Any CPU
		Release|Any CPU = Release|Any CPU
	EndGlobalSection
	GlobalSection(ProjectConfigurationPlatforms) = postSolution
		{25EB7281-4C38-4DA6-A6B7-0728EED0BB4C}.Debug|Any CPU.ActiveCfg = Debug|Any CPU
		{25EB7281-4C38-4DA6-A6B7-0728EED0BB4C}.Debug|Any CPU.Build.0 = Debug|Any CPU
		{25EB7281-4C38-4DA6-A6B7-0728EED0BB4C}.EasyTest|Any CPU.ActiveCfg = EasyTest|Any CPU
		{25EB7281-4C38-4DA6-A6B7-0728EED0BB4C}.EasyTest|Any CPU.Build.0 = EasyTest|Any CPU
		{25EB7281-4C38-4DA6-A6B7-0728EED0BB4C}.Release|Any CPU.ActiveCfg = Release|Any CPU
		{25EB7281-4C38-4DA6-A6B7-0728EED0BB4C}.Release|Any CPU.Build.0 = Release|Any CPU
		{7C1243CB-492C-4A11-A52A-56438463000B}.Debug|Any CPU.ActiveCfg = Debug|Any CPU
		{7C1243CB-492C-4A11-A52A-56438463000B}.Debug|Any CPU.Build.0 = Debug|Any CPU
		{7C1243CB-492C-4A11-A52A-56438463000B}.EasyTest|Any CPU.ActiveCfg = EasyTest|Any CPU
		{7C1243CB-492C-4A11-A52A-56438463000B}.EasyTest|Any CPU.Build.0 = EasyTest|Any CPU
		{7C1243CB-492C-4A11-A52A-56438463000B}.Release|Any CPU.ActiveCfg = Release|Any CPU
		{7C1243CB-492C-4A11-A52A-56438463000B}.Release|Any CPU.Build.0 = Release|Any CPU
	EndGlobalSection
	GlobalSection(SolutionProperties) = preSolution
		HideSolutionNode = FALSE
	EndGlobalSection
EndGlobal
